// !$*UTF8*$!
{
	archiveVersion = 1;
	classes = {
	};
	objectVersion = 46;
	objects = {

/* Begin PBXBuildFile section */
		9116D3E71A862B39006E0A5A /* AppDelegate.swift in Sources */ = {isa = PBXBuildFile; fileRef = 9116D3E61A862B39006E0A5A /* AppDelegate.swift */; };
		9116D3E91A862B39006E0A5A /* ViewController.swift in Sources */ = {isa = PBXBuildFile; fileRef = 9116D3E81A862B39006E0A5A /* ViewController.swift */; };
		9116D3EC1A862B39006E0A5A /* Main.storyboard in Resources */ = {isa = PBXBuildFile; fileRef = 9116D3EA1A862B39006E0A5A /* Main.storyboard */; };
		9116D3EE1A862B39006E0A5A /* Images.xcassets in Resources */ = {isa = PBXBuildFile; fileRef = 9116D3ED1A862B39006E0A5A /* Images.xcassets */; };
		9116D3F11A862B39006E0A5A /* LaunchScreen.xib in Resources */ = {isa = PBXBuildFile; fileRef = 9116D3EF1A862B39006E0A5A /* LaunchScreen.xib */; };
		9116D3FD1A862B39006E0A5A /* FlapChatTests.swift in Sources */ = {isa = PBXBuildFile; fileRef = 9116D3FC1A862B39006E0A5A /* FlapChatTests.swift */; };
		9116D4071A862B59006E0A5A /* ApplicationDetails.swift in Sources */ = {isa = PBXBuildFile; fileRef = 9116D4061A862B59006E0A5A /* ApplicationDetails.swift */; };
		9116D4091A862B90006E0A5A /* libsqlite3.dylib in Frameworks */ = {isa = PBXBuildFile; fileRef = 9116D4081A862B90006E0A5A /* libsqlite3.dylib */; };
		9116D40B1A862B9A006E0A5A /* libz.dylib in Frameworks */ = {isa = PBXBuildFile; fileRef = 9116D40A1A862B9A006E0A5A /* libz.dylib */; };
		9116D40D1A862BA3006E0A5A /* SystemConfiguration.framework in Frameworks */ = {isa = PBXBuildFile; fileRef = 9116D40C1A862BA3006E0A5A /* SystemConfiguration.framework */; };
		9116D40F1A862BAB006E0A5A /* StoreKit.framework in Frameworks */ = {isa = PBXBuildFile; fileRef = 9116D40E1A862BAB006E0A5A /* StoreKit.framework */; };
		9116D4111A862BB1006E0A5A /* Security.framework in Frameworks */ = {isa = PBXBuildFile; fileRef = 9116D4101A862BB1006E0A5A /* Security.framework */; };
		9116D4131A862BBA006E0A5A /* QuartzCore.framework in Frameworks */ = {isa = PBXBuildFile; fileRef = 9116D4121A862BBA006E0A5A /* QuartzCore.framework */; };
		9116D4151A862BC4006E0A5A /* MobileCoreServices.framework in Frameworks */ = {isa = PBXBuildFile; fileRef = 9116D4141A862BC4006E0A5A /* MobileCoreServices.framework */; };
		9116D4171A862BCB006E0A5A /* CoreGraphics.framework in Frameworks */ = {isa = PBXBuildFile; fileRef = 9116D4161A862BCB006E0A5A /* CoreGraphics.framework */; };
		9116D4191A862BD2006E0A5A /* CFNetwork.framework in Frameworks */ = {isa = PBXBuildFile; fileRef = 9116D4181A862BD2006E0A5A /* CFNetwork.framework */; };
		9116D41B1A862BDA006E0A5A /* AudioToolbox.framework in Frameworks */ = {isa = PBXBuildFile; fileRef = 9116D41A1A862BDA006E0A5A /* AudioToolbox.framework */; };
		9116D4271A862E0A006E0A5A /* Bolts.framework in Frameworks */ = {isa = PBXBuildFile; fileRef = 9116D4261A862E0A006E0A5A /* Bolts.framework */; };
		9116D4291A862E11006E0A5A /* Parse.framework in Frameworks */ = {isa = PBXBuildFile; fileRef = 9116D4281A862E11006E0A5A /* Parse.framework */; };
		9116D42B1A862F5A006E0A5A /* logInViewController.swift in Sources */ = {isa = PBXBuildFile; fileRef = 9116D42A1A862F5A006E0A5A /* logInViewController.swift */; };
		9116D42D1A8634CD006E0A5A /* UploadImageViewController.swift in Sources */ = {isa = PBXBuildFile; fileRef = 9116D42C1A8634CD006E0A5A /* UploadImageViewController.swift */; };
		9116D42F1A8634F8006E0A5A /* UserListTableViewController.swift in Sources */ = {isa = PBXBuildFile; fileRef = 9116D42E1A8634F8006E0A5A /* UserListTableViewController.swift */; };
		9116D4311A865000006E0A5A /* ImageListTableViewController.swift in Sources */ = {isa = PBXBuildFile; fileRef = 9116D4301A865000006E0A5A /* ImageListTableViewController.swift */; };
		9116D4331A86558D006E0A5A /* fullScreenImageViewController.swift in Sources */ = {isa = PBXBuildFile; fileRef = 9116D4321A86558D006E0A5A /* fullScreenImageViewController.swift */; };
/* End PBXBuildFile section */

/* Begin PBXContainerItemProxy section */
		9116D3F71A862B39006E0A5A /* PBXContainerItemProxy */ = {
			isa = PBXContainerItemProxy;
			containerPortal = 9116D3D91A862B39006E0A5A /* Project object */;
			proxyType = 1;
			remoteGlobalIDString = 9116D3E01A862B39006E0A5A;
			remoteInfo = FlapChat;
		};
/* End PBXContainerItemProxy section */

/* Begin PBXFileReference section */
		9116D3E11A862B39006E0A5A /* FlapChat.app */ = {isa = PBXFileReference; explicitFileType = wrapper.application; includeInIndex = 0; path = FlapChat.app; sourceTree = BUILT_PRODUCTS_DIR; };
		9116D3E51A862B39006E0A5A /* Info.plist */ = {isa = PBXFileReference; lastKnownFileType = text.plist.xml; path = Info.plist; sourceTree = "<group>"; };
		9116D3E61A862B39006E0A5A /* AppDelegate.swift */ = {isa = PBXFileReference; lastKnownFileType = sourcecode.swift; path = AppDelegate.swift; sourceTree = "<group>"; };
		9116D3E81A862B39006E0A5A /* ViewController.swift */ = {isa = PBXFileReference; lastKnownFileType = sourcecode.swift; path = ViewController.swift; sourceTree = "<group>"; };
		9116D3EB1A862B39006E0A5A /* Base */ = {isa = PBXFileReference; lastKnownFileType = file.storyboard; name = Base; path = Base.lproj/Main.storyboard; sourceTree = "<group>"; };
		9116D3ED1A862B39006E0A5A /* Images.xcassets */ = {isa = PBXFileReference; lastKnownFileType = folder.assetcatalog; path = Images.xcassets; sourceTree = "<group>"; };
		9116D3F01A862B39006E0A5A /* Base */ = {isa = PBXFileReference; lastKnownFileType = file.xib; name = Base; path = Base.lproj/LaunchScreen.xib; sourceTree = "<group>"; };
		9116D3F61A862B39006E0A5A /* FlapChatTests.xctest */ = {isa = PBXFileReference; explicitFileType = wrapper.cfbundle; includeInIndex = 0; path = FlapChatTests.xctest; sourceTree = BUILT_PRODUCTS_DIR; };
		9116D3FB1A862B39006E0A5A /* Info.plist */ = {isa = PBXFileReference; lastKnownFileType = text.plist.xml; path = Info.plist; sourceTree = "<group>"; };
		9116D3FC1A862B39006E0A5A /* FlapChatTests.swift */ = {isa = PBXFileReference; lastKnownFileType = sourcecode.swift; path = FlapChatTests.swift; sourceTree = "<group>"; };
		9116D4061A862B59006E0A5A /* ApplicationDetails.swift */ = {isa = PBXFileReference; fileEncoding = 4; lastKnownFileType = sourcecode.swift; path = ApplicationDetails.swift; sourceTree = "<group>"; };
		9116D4081A862B90006E0A5A /* libsqlite3.dylib */ = {isa = PBXFileReference; lastKnownFileType = "compiled.mach-o.dylib"; name = libsqlite3.dylib; path = usr/lib/libsqlite3.dylib; sourceTree = SDKROOT; };
		9116D40A1A862B9A006E0A5A /* libz.dylib */ = {isa = PBXFileReference; lastKnownFileType = "compiled.mach-o.dylib"; name = libz.dylib; path = usr/lib/libz.dylib; sourceTree = SDKROOT; };
		9116D40C1A862BA3006E0A5A /* SystemConfiguration.framework */ = {isa = PBXFileReference; lastKnownFileType = wrapper.framework; name = SystemConfiguration.framework; path = System/Library/Frameworks/SystemConfiguration.framework; sourceTree = SDKROOT; };
		9116D40E1A862BAB006E0A5A /* StoreKit.framework */ = {isa = PBXFileReference; lastKnownFileType = wrapper.framework; name = StoreKit.framework; path = System/Library/Frameworks/StoreKit.framework; sourceTree = SDKROOT; };
		9116D4101A862BB1006E0A5A /* Security.framework */ = {isa = PBXFileReference; lastKnownFileType = wrapper.framework; name = Security.framework; path = System/Library/Frameworks/Security.framework; sourceTree = SDKROOT; };
		9116D4121A862BBA006E0A5A /* QuartzCore.framework */ = {isa = PBXFileReference; lastKnownFileType = wrapper.framework; name = QuartzCore.framework; path = System/Library/Frameworks/QuartzCore.framework; sourceTree = SDKROOT; };
		9116D4141A862BC4006E0A5A /* MobileCoreServices.framework */ = {isa = PBXFileReference; lastKnownFileType = wrapper.framework; name = MobileCoreServices.framework; path = System/Library/Frameworks/MobileCoreServices.framework; sourceTree = SDKROOT; };
		9116D4161A862BCB006E0A5A /* CoreGraphics.framework */ = {isa = PBXFileReference; lastKnownFileType = wrapper.framework; name = CoreGraphics.framework; path = System/Library/Frameworks/CoreGraphics.framework; sourceTree = SDKROOT; };
		9116D4181A862BD2006E0A5A /* CFNetwork.framework */ = {isa = PBXFileReference; lastKnownFileType = wrapper.framework; name = CFNetwork.framework; path = System/Library/Frameworks/CFNetwork.framework; sourceTree = SDKROOT; };
		9116D41A1A862BDA006E0A5A /* AudioToolbox.framework */ = {isa = PBXFileReference; lastKnownFileType = wrapper.framework; name = AudioToolbox.framework; path = System/Library/Frameworks/AudioToolbox.framework; sourceTree = SDKROOT; };
		9116D4221A862D97006E0A5A /* FlapChat-Bridging-Header.h */ = {isa = PBXFileReference; lastKnownFileType = sourcecode.c.h; path = "FlapChat-Bridging-Header.h"; sourceTree = SOURCE_ROOT; };
		9116D4261A862E0A006E0A5A /* Bolts.framework */ = {isa = PBXFileReference; lastKnownFileType = wrapper.framework; name = Bolts.framework; path = FlapChat/Bolts.framework; sourceTree = "<group>"; };
		9116D4281A862E11006E0A5A /* Parse.framework */ = {isa = PBXFileReference; lastKnownFileType = wrapper.framework; name = Parse.framework; path = FlapChat/Parse.framework; sourceTree = "<group>"; };
		9116D42A1A862F5A006E0A5A /* logInViewController.swift */ = {isa = PBXFileReference; fileEncoding = 4; lastKnownFileType = sourcecode.swift; path = logInViewController.swift; sourceTree = "<group>"; };
		9116D42C1A8634CD006E0A5A /* UploadImageViewController.swift */ = {isa = PBXFileReference; fileEncoding = 4; lastKnownFileType = sourcecode.swift; path = UploadImageViewController.swift; sourceTree = "<group>"; };
		9116D42E1A8634F8006E0A5A /* UserListTableViewController.swift */ = {isa = PBXFileReference; fileEncoding = 4; lastKnownFileType = sourcecode.swift; path = UserListTableViewController.swift; sourceTree = "<group>"; };
		9116D4301A865000006E0A5A /* ImageListTableViewController.swift */ = {isa = PBXFileReference; fileEncoding = 4; lastKnownFileType = sourcecode.swift; path = ImageListTableViewController.swift; sourceTree = "<group>"; };
		9116D4321A86558D006E0A5A /* fullScreenImageViewController.swift */ = {isa = PBXFileReference; fileEncoding = 4; lastKnownFileType = sourcecode.swift; path = fullScreenImageViewController.swift; sourceTree = "<group>"; };
/* End PBXFileReference section */

/* Begin PBXFrameworksBuildPhase section */
		9116D3DE1A862B39006E0A5A /* Frameworks */ = {
			isa = PBXFrameworksBuildPhase;
			buildActionMask = 2147483647;
			files = (
				9116D4091A862B90006E0A5A /* libsqlite3.dylib in Frameworks */,
				9116D40B1A862B9A006E0A5A /* libz.dylib in Frameworks */,
				9116D40D1A862BA3006E0A5A /* SystemConfiguration.framework in Frameworks */,
				9116D40F1A862BAB006E0A5A /* StoreKit.framework in Frameworks */,
				9116D4111A862BB1006E0A5A /* Security.framework in Frameworks */,
				9116D4131A862BBA006E0A5A /* QuartzCore.framework in Frameworks */,
				9116D4151A862BC4006E0A5A /* MobileCoreServices.framework in Frameworks */,
				9116D4171A862BCB006E0A5A /* CoreGraphics.framework in Frameworks */,
				9116D4271A862E0A006E0A5A /* Bolts.framework in Frameworks */,
				9116D4191A862BD2006E0A5A /* CFNetwork.framework in Frameworks */,
				9116D4291A862E11006E0A5A /* Parse.framework in Frameworks */,
				9116D41B1A862BDA006E0A5A /* AudioToolbox.framework in Frameworks */,
			);
			runOnlyForDeploymentPostprocessing = 0;
		};
		9116D3F31A862B39006E0A5A /* Frameworks */ = {
			isa = PBXFrameworksBuildPhase;
			buildActionMask = 2147483647;
			files = (
			);
			runOnlyForDeploymentPostprocessing = 0;
		};
/* End PBXFrameworksBuildPhase section */

/* Begin PBXGroup section */
		9116D3D81A862B39006E0A5A = {
			isa = PBXGroup;
			children = (
				9116D3E31A862B39006E0A5A /* FlapChat */,
				9116D3F91A862B39006E0A5A /* FlapChatTests */,
				9116D3E21A862B39006E0A5A /* Products */,
			);
			sourceTree = "<group>";
		};
		9116D3E21A862B39006E0A5A /* Products */ = {
			isa = PBXGroup;
			children = (
				9116D3E11A862B39006E0A5A /* FlapChat.app */,
				9116D3F61A862B39006E0A5A /* FlapChatTests.xctest */,
			);
			name = Products;
			sourceTree = "<group>";
		};
		9116D3E31A862B39006E0A5A /* FlapChat */ = {
			isa = PBXGroup;
			children = (
				9116D4061A862B59006E0A5A /* ApplicationDetails.swift */,
				9116D3E61A862B39006E0A5A /* AppDelegate.swift */,
				9116D3E81A862B39006E0A5A /* ViewController.swift */,
				9116D42A1A862F5A006E0A5A /* logInViewController.swift */,
				9116D42E1A8634F8006E0A5A /* UserListTableViewController.swift */,
				9116D42C1A8634CD006E0A5A /* UploadImageViewController.swift */,
				9116D4301A865000006E0A5A /* ImageListTableViewController.swift */,
				9116D4321A86558D006E0A5A /* fullScreenImageViewController.swift */,
				9116D4211A862C2C006E0A5A /* Frameworks */,
				9116D3EA1A862B39006E0A5A /* Main.storyboard */,
				9116D4221A862D97006E0A5A /* FlapChat-Bridging-Header.h */,
				9116D3ED1A862B39006E0A5A /* Images.xcassets */,
				9116D3EF1A862B39006E0A5A /* LaunchScreen.xib */,
				9116D3E41A862B39006E0A5A /* Supporting Files */,
			);
			path = FlapChat;
			sourceTree = "<group>";
		};
		9116D3E41A862B39006E0A5A /* Supporting Files */ = {
			isa = PBXGroup;
			children = (
				9116D3E51A862B39006E0A5A /* Info.plist */,
			);
			name = "Supporting Files";
			sourceTree = "<group>";
		};
		9116D3F91A862B39006E0A5A /* FlapChatTests */ = {
			isa = PBXGroup;
			children = (
				9116D3FC1A862B39006E0A5A /* FlapChatTests.swift */,
				9116D3FA1A862B39006E0A5A /* Supporting Files */,
			);
			path = FlapChatTests;
			sourceTree = "<group>";
		};
		9116D3FA1A862B39006E0A5A /* Supporting Files */ = {
			isa = PBXGroup;
			children = (
				9116D3FB1A862B39006E0A5A /* Info.plist */,
			);
			name = "Supporting Files";
			sourceTree = "<group>";
		};
		9116D4211A862C2C006E0A5A /* Frameworks */ = {
			isa = PBXGroup;
			children = (
				9116D4281A862E11006E0A5A /* Parse.framework */,
				9116D4261A862E0A006E0A5A /* Bolts.framework */,
				9116D41A1A862BDA006E0A5A /* AudioToolbox.framework */,
				9116D4181A862BD2006E0A5A /* CFNetwork.framework */,
				9116D4161A862BCB006E0A5A /* CoreGraphics.framework */,
				9116D4141A862BC4006E0A5A /* MobileCoreServices.framework */,
				9116D4121A862BBA006E0A5A /* QuartzCore.framework */,
				9116D4101A862BB1006E0A5A /* Security.framework */,
				9116D40E1A862BAB006E0A5A /* StoreKit.framework */,
				9116D40C1A862BA3006E0A5A /* SystemConfiguration.framework */,
				9116D40A1A862B9A006E0A5A /* libz.dylib */,
				9116D4081A862B90006E0A5A /* libsqlite3.dylib */,
			);
			name = Frameworks;
			path = ..;
			sourceTree = "<group>";
		};
/* End PBXGroup section */

/* Begin PBXNativeTarget section */
		9116D3E01A862B39006E0A5A /* FlapChat */ = {
			isa = PBXNativeTarget;
			buildConfigurationList = 9116D4001A862B39006E0A5A /* Build configuration list for PBXNativeTarget "FlapChat" */;
			buildPhases = (
				9116D3DD1A862B39006E0A5A /* Sources */,
				9116D3DE1A862B39006E0A5A /* Frameworks */,
				9116D3DF1A862B39006E0A5A /* Resources */,
			);
			buildRules = (
			);
			dependencies = (
			);
			name = FlapChat;
			productName = FlapChat;
			productReference = 9116D3E11A862B39006E0A5A /* FlapChat.app */;
			productType = "com.apple.product-type.application";
		};
		9116D3F51A862B39006E0A5A /* FlapChatTests */ = {
			isa = PBXNativeTarget;
			buildConfigurationList = 9116D4031A862B39006E0A5A /* Build configuration list for PBXNativeTarget "FlapChatTests" */;
			buildPhases = (
				9116D3F21A862B39006E0A5A /* Sources */,
				9116D3F31A862B39006E0A5A /* Frameworks */,
				9116D3F41A862B39006E0A5A /* Resources */,
			);
			buildRules = (
			);
			dependencies = (
				9116D3F81A862B39006E0A5A /* PBXTargetDependency */,
			);
			name = FlapChatTests;
			productName = FlapChatTests;
			productReference = 9116D3F61A862B39006E0A5A /* FlapChatTests.xctest */;
			productType = "com.apple.product-type.bundle.unit-test";
		};
/* End PBXNativeTarget section */

/* Begin PBXProject section */
		9116D3D91A862B39006E0A5A /* Project object */ = {
			isa = PBXProject;
			attributes = {
				LastUpgradeCheck = 0610;
				ORGANIZATIONNAME = Steve;
				TargetAttributes = {
					9116D3E01A862B39006E0A5A = {
						CreatedOnToolsVersion = 6.1.1;
					};
					9116D3F51A862B39006E0A5A = {
						CreatedOnToolsVersion = 6.1.1;
						TestTargetID = 9116D3E01A862B39006E0A5A;
					};
				};
			};
			buildConfigurationList = 9116D3DC1A862B39006E0A5A /* Build configuration list for PBXProject "FlapChat" */;
			compatibilityVersion = "Xcode 3.2";
			developmentRegion = English;
			hasScannedForEncodings = 0;
			knownRegions = (
				en,
				Base,
			);
			mainGroup = 9116D3D81A862B39006E0A5A;
			productRefGroup = 9116D3E21A862B39006E0A5A /* Products */;
			projectDirPath = "";
			projectRoot = "";
			targets = (
				9116D3E01A862B39006E0A5A /* FlapChat */,
				9116D3F51A862B39006E0A5A /* FlapChatTests */,
			);
		};
/* End PBXProject section */

/* Begin PBXResourcesBuildPhase section */
		9116D3DF1A862B39006E0A5A /* Resources */ = {
			isa = PBXResourcesBuildPhase;
			buildActionMask = 2147483647;
			files = (
				9116D3EC1A862B39006E0A5A /* Main.storyboard in Resources */,
				9116D3F11A862B39006E0A5A /* LaunchScreen.xib in Resources */,
				9116D3EE1A862B39006E0A5A /* Images.xcassets in Resources */,
			);
			runOnlyForDeploymentPostprocessing = 0;
		};
		9116D3F41A862B39006E0A5A /* Resources */ = {
			isa = PBXResourcesBuildPhase;
			buildActionMask = 2147483647;
			files = (
			);
			runOnlyForDeploymentPostprocessing = 0;
		};
/* End PBXResourcesBuildPhase section */

/* Begin PBXSourcesBuildPhase section */
		9116D3DD1A862B39006E0A5A /* Sources */ = {
			isa = PBXSourcesBuildPhase;
			buildActionMask = 2147483647;
			files = (
				9116D42F1A8634F8006E0A5A /* UserListTableViewController.swift in Sources */,
				9116D42B1A862F5A006E0A5A /* logInViewController.swift in Sources */,
				9116D3E91A862B39006E0A5A /* ViewController.swift in Sources */,
				9116D4331A86558D006E0A5A /* fullScreenImageViewController.swift in Sources */,
				9116D42D1A8634CD006E0A5A /* UploadImageViewController.swift in Sources */,
				9116D4071A862B59006E0A5A /* ApplicationDetails.swift in Sources */,
				9116D4311A865000006E0A5A /* ImageListTableViewController.swift in Sources */,
				9116D3E71A862B39006E0A5A /* AppDelegate.swift in Sources */,
			);
			runOnlyForDeploymentPostprocessing = 0;
		};
		9116D3F21A862B39006E0A5A /* Sources */ = {
			isa = PBXSourcesBuildPhase;
			buildActionMask = 2147483647;
			files = (
				9116D3FD1A862B39006E0A5A /* FlapChatTests.swift in Sources */,
			);
			runOnlyForDeploymentPostprocessing = 0;
		};
/* End PBXSourcesBuildPhase section */

/* Begin PBXTargetDependency section */
		9116D3F81A862B39006E0A5A /* PBXTargetDependency */ = {
			isa = PBXTargetDependency;
			target = 9116D3E01A862B39006E0A5A /* FlapChat */;
			targetProxy = 9116D3F71A862B39006E0A5A /* PBXContainerItemProxy */;
		};
/* End PBXTargetDependency section */

/* Begin PBXVariantGroup section */
		9116D3EA1A862B39006E0A5A /* Main.storyboard */ = {
			isa = PBXVariantGroup;
			children = (
				9116D3EB1A862B39006E0A5A /* Base */,
			);
			name = Main.storyboard;
			sourceTree = "<group>";
		};
		9116D3EF1A862B39006E0A5A /* LaunchScreen.xib */ = {
			isa = PBXVariantGroup;
			children = (
				9116D3F01A862B39006E0A5A /* Base */,
			);
			name = LaunchScreen.xib;
			sourceTree = "<group>";
		};
/* End PBXVariantGroup section */

/* Begin XCBuildConfiguration section */
		9116D3FE1A862B39006E0A5A /* Debug */ = {
			isa = XCBuildConfiguration;
			buildSettings = {
				ALWAYS_SEARCH_USER_PATHS = NO;
				CLANG_CXX_LANGUAGE_STANDARD = "gnu++0x";
				CLANG_CXX_LIBRARY = "libc++";
				CLANG_ENABLE_MODULES = YES;
				CLANG_ENABLE_OBJC_ARC = YES;
				CLANG_WARN_BOOL_CONVERSION = YES;
				CLANG_WARN_CONSTANT_CONVERSION = YES;
				CLANG_WARN_DIRECT_OBJC_ISA_USAGE = YES_ERROR;
				CLANG_WARN_EMPTY_BODY = YES;
				CLANG_WARN_ENUM_CONVERSION = YES;
				CLANG_WARN_INT_CONVERSION = YES;
				CLANG_WARN_OBJC_ROOT_CLASS = YES_ERROR;
				CLANG_WARN_UNREACHABLE_CODE = YES;
				CLANG_WARN__DUPLICATE_METHOD_MATCH = YES;
				"CODE_SIGN_IDENTITY[sdk=iphoneos*]" = "iPhone Developer";
				COPY_PHASE_STRIP = NO;
				ENABLE_STRICT_OBJC_MSGSEND = YES;
				GCC_C_LANGUAGE_STANDARD = gnu99;
				GCC_DYNAMIC_NO_PIC = NO;
				GCC_OPTIMIZATION_LEVEL = 0;
				GCC_PREPROCESSOR_DEFINITIONS = (
					"DEBUG=1",
					"$(inherited)",
				);
				GCC_SYMBOLS_PRIVATE_EXTERN = NO;
				GCC_WARN_64_TO_32_BIT_CONVERSION = YES;
				GCC_WARN_ABOUT_RETURN_TYPE = YES_ERROR;
				GCC_WARN_UNDECLARED_SELECTOR = YES;
				GCC_WARN_UNINITIALIZED_AUTOS = YES_AGGRESSIVE;
				GCC_WARN_UNUSED_FUNCTION = YES;
				GCC_WARN_UNUSED_VARIABLE = YES;
				IPHONEOS_DEPLOYMENT_TARGET = 8.1;
				MTL_ENABLE_DEBUG_INFO = YES;
				ONLY_ACTIVE_ARCH = YES;
				SDKROOT = iphoneos;
				SWIFT_OPTIMIZATION_LEVEL = "-Onone";
			};
			name = Debug;
		};
		9116D3FF1A862B39006E0A5A /* Release */ = {
			isa = XCBuildConfiguration;
			buildSettings = {
				ALWAYS_SEARCH_USER_PATHS = NO;
				CLANG_CXX_LANGUAGE_STANDARD = "gnu++0x";
				CLANG_CXX_LIBRARY = "libc++";
				CLANG_ENABLE_MODULES = YES;
				CLANG_ENABLE_OBJC_ARC = YES;
				CLANG_WARN_BOOL_CONVERSION = YES;
				CLANG_WARN_CONSTANT_CONVERSION = YES;
				CLANG_WARN_DIRECT_OBJC_ISA_USAGE = YES_ERROR;
				CLANG_WARN_EMPTY_BODY = YES;
				CLANG_WARN_ENUM_CONVERSION = YES;
				CLANG_WARN_INT_CONVERSION = YES;
				CLANG_WARN_OBJC_ROOT_CLASS = YES_ERROR;
				CLANG_WARN_UNREACHABLE_CODE = YES;
				CLANG_WARN__DUPLICATE_METHOD_MATCH = YES;
				"CODE_SIGN_IDENTITY[sdk=iphoneos*]" = "iPhone Developer";
				COPY_PHASE_STRIP = YES;
				ENABLE_NS_ASSERTIONS = NO;
				ENABLE_STRICT_OBJC_MSGSEND = YES;
				GCC_C_LANGUAGE_STANDARD = gnu99;
				GCC_WARN_64_TO_32_BIT_CONVERSION = YES;
				GCC_WARN_ABOUT_RETURN_TYPE = YES_ERROR;
				GCC_WARN_UNDECLARED_SELECTOR = YES;
				GCC_WARN_UNINITIALIZED_AUTOS = YES_AGGRESSIVE;
				GCC_WARN_UNUSED_FUNCTION = YES;
				GCC_WARN_UNUSED_VARIABLE = YES;
				IPHONEOS_DEPLOYMENT_TARGET = 8.1;
				MTL_ENABLE_DEBUG_INFO = NO;
				SDKROOT = iphoneos;
				VALIDATE_PRODUCT = YES;
			};
			name = Release;
		};
		9116D4011A862B39006E0A5A /* Debug */ = {
			isa = XCBuildConfiguration;
			buildSettings = {
				ASSETCATALOG_COMPILER_APPICON_NAME = AppIcon;
				CLANG_ENABLE_MODULES = YES;
				FRAMEWORK_SEARCH_PATHS = (
					"$(inherited)",
					"$(PROJECT_DIR)",
					"$(PROJECT_DIR)/FlapChat",
				);
				INFOPLIST_FILE = FlapChat/Info.plist;
				LD_RUNPATH_SEARCH_PATHS = "$(inherited) @executable_path/Frameworks";
				PRODUCT_NAME = "$(TARGET_NAME)";
				SWIFT_OBJC_BRIDGING_HEADER = "FlapChat-Bridging-Header.h";
				SWIFT_OPTIMIZATION_LEVEL = "-Onone";
			};
			name = Debug;
		};
		9116D4021A862B39006E0A5A /* Release */ = {
			isa = XCBuildConfiguration;
			buildSettings = {
				ASSETCATALOG_COMPILER_APPICON_NAME = AppIcon;
				CLANG_ENABLE_MODULES = YES;
				FRAMEWORK_SEARCH_PATHS = (
					"$(inherited)",
					"$(PROJECT_DIR)",
					"$(PROJECT_DIR)/FlapChat",
				);
				INFOPLIST_FILE = FlapChat/Info.plist;
				LD_RUNPATH_SEARCH_PATHS = "$(inherited) @executable_path/Frameworks";
				PRODUCT_NAME = "$(TARGET_NAME)";
				SWIFT_OBJC_BRIDGING_HEADER = "FlapChat-Bridging-Header.h";
			};
			name = Release;
		};
		9116D4041A862B39006E0A5A /* Debug */ = {
			isa = XCBuildConfiguration;
			buildSettings = {
				BUNDLE_LOADER = "$(TEST_HOST)";
				FRAMEWORK_SEARCH_PATHS = (
					"$(SDKROOT)/Developer/Library/Frameworks",
					"$(inherited)",
				);
				GCC_PREPROCESSOR_DEFINITIONS = (
					"DEBUG=1",
					"$(inherited)",
				);
				INFOPLIST_FILE = FlapChatTests/Info.plist;
				LD_RUNPATH_SEARCH_PATHS = "$(inherited) @executable_path/Frameworks @loader_path/Frameworks";
				PRODUCT_NAME = "$(TARGET_NAME)";
				TEST_HOST = "$(BUILT_PRODUCTS_DIR)/FlapChat.app/FlapChat";
			};
			name = Debug;
		};
		9116D4051A862B39006E0A5A /* Release */ = {
			isa = XCBuildConfiguration;
			buildSettings = {
				BUNDLE_LOADER = "$(TEST_HOST)";
				FRAMEWORK_SEARCH_PATHS = (
					"$(SDKROOT)/Developer/Library/Frameworks",
					"$(inherited)",
				);
				INFOPLIST_FILE = FlapChatTests/Info.plist;
				LD_RUNPATH_SEARCH_PATHS = "$(inherited) @executable_path/Frameworks @loader_path/Frameworks";
				PRODUCT_NAME = "$(TARGET_NAME)";
				TEST_HOST = "$(BUILT_PRODUCTS_DIR)/FlapChat.app/FlapChat";
			};
			name = Release;
		};
/* End XCBuildConfiguration section */

/* Begin XCConfigurationList section */
		9116D3DC1A862B39006E0A5A /* Build configuration list for PBXProject "FlapChat" */ = {
			isa = XCConfigurationList;
			buildConfigurations = (
				9116D3FE1A862B39006E0A5A /* Debug */,
				9116D3FF1A862B39006E0A5A /* Release */,
			);
			defaultConfigurationIsVisible = 0;
			defaultConfigurationName = Release;
		};
		9116D4001A862B39006E0A5A /* Build configuration list for PBXNativeTarget "FlapChat" */ = {
			isa = XCConfigurationList;
			buildConfigurations = (
				9116D4011A862B39006E0A5A /* Debug */,
				9116D4021A862B39006E0A5A /* Release */,
			);
			defaultConfigurationIsVisible = 0;
			defaultConfigurationName = Release;
		};
		9116D4031A862B39006E0A5A /* Build configuration list for PBXNativeTarget "FlapChatTests" */ = {
			isa = XCConfigurationList;
			buildConfigurations = (
				9116D4041A862B39006E0A5A /* Debug */,
				9116D4051A862B39006E0A5A /* Release */,
			);
			defaultConfigurationIsVisible = 0;
			defaultConfigurationName = Release;
		};
/* End XCConfigurationList section */
	};
	rootObject = 9116D3D91A862B39006E0A5A /* Project object */;
}
